
Microsoft Visual Studio Solution File, Format Version 12.00
# Visual Studio 2012
Project("{FAE04EC0-301F-11D3-BF4B-00C04F79EFBC}") = "System.Data.Entity.Hooks", "src\System.Data.Entity.Hooks\System.Data.Entity.Hooks.csproj", "{431B123A-63DA-461E-BE75-CDE419261A22}"
EndProject
Project("{FAE04EC0-301F-11D3-BF4B-00C04F79EFBC}") = "System.Data.Entity.Hooks.Test", "tests\System.Data.Entity.Hooks.Test\System.Data.Entity.Hooks.Test.csproj", "{66735633-0F0F-4D97-913B-4C39173C58B7}"
EndProject
Project("{FAE04EC0-301F-11D3-BF4B-00C04F79EFBC}") = "System.Data.Entity.Hooks.Fluent", "src\System.Data.Entity.Hooks.Fluent\System.Data.Entity.Hooks.Fluent.csproj", "{FDE46A48-0358-403E-8F5F-CA085109055D}"
EndProject
Project("{FAE04EC0-301F-11D3-BF4B-00C04F79EFBC}") = "System.Data.Entity.Hooks.Fluent.Test", "tests\System.Data.Entity.Hooks.Fluent.Test\System.Data.Entity.Hooks.Fluent.Test.csproj", "{44C581EE-E437-4126-932C-C4549AFDEB77}"
EndProject
Project("{2150E333-8FDC-42A3-9474-1A3956D46DE8}") = ".nuget", ".nuget", "{724EC132-2966-43FD-9D12-9B4BC6633F35}"
	ProjectSection(SolutionItems) = preProject
		.nuget\NuGet.Config = .nuget\NuGet.Config
		.nuget\NuGet.exe = .nuget\NuGet.exe
		.nuget\NuGet.targets = .nuget\NuGet.targets
	EndProjectSection
EndProject
Global
	GlobalSection(SolutionConfigurationPlatforms) = preSolution
		Debug|Any CPU = Debug|Any CPU
		Release40|Any CPU = Release40|Any CPU
		Release45|Any CPU = Release45|Any CPU
	EndGlobalSection
	GlobalSection(ProjectConfigurationPlatforms) = postSolution
		{431B123A-63DA-461E-BE75-CDE419261A22}.Debug|Any CPU.ActiveCfg = Debug|Any CPU
		{431B123A-63DA-461E-BE75-CDE419261A22}.Debug|Any CPU.Build.0 = Debug|Any CPU
		{431B123A-63DA-461E-BE75-CDE419261A22}.Release40|Any CPU.ActiveCfg = Release|Any CPU
		{431B123A-63DA-461E-BE75-CDE419261A22}.Release40|Any CPU.Build.0 = Release|Any CPU
		{431B123A-63DA-461E-BE75-CDE419261A22}.Release45|Any CPU.ActiveCfg = Release45|Any CPU
		{431B123A-63DA-461E-BE75-CDE419261A22}.Release45|Any CPU.Build.0 = Release45|Any CPU
		{66735633-0F0F-4D97-913B-4C39173C58B7}.Debug|Any CPU.ActiveCfg = Debug|Any CPU
		{66735633-0F0F-4D97-913B-4C39173C58B7}.Debug|Any CPU.Build.0 = Debug|Any CPU
		{66735633-0F0F-4D97-913B-4C39173C58B7}.Release40|Any CPU.ActiveCfg = Release|Any CPU
		{66735633-0F0F-4D97-913B-4C39173C58B7}.Release45|Any CPU.ActiveCfg = Release45|Any CPU
		{FDE46A48-0358-403E-8F5F-CA085109055D}.Debug|Any CPU.ActiveCfg = Debug|Any CPU
		{FDE46A48-0358-403E-8F5F-CA085109055D}.Debug|Any CPU.Build.0 = Debug|Any CPU
		{FDE46A48-0358-403E-8F5F-CA085109055D}.Release40|Any CPU.ActiveCfg = Release|Any CPU
		{FDE46A48-0358-403E-8F5F-CA085109055D}.Release40|Any CPU.Build.0 = Release|Any CPU
		{FDE46A48-0358-403E-8F5F-CA085109055D}.Release45|Any CPU.ActiveCfg = Release45|Any CPU
		{FDE46A48-0358-403E-8F5F-CA085109055D}.Release45|Any CPU.Build.0 = Release45|Any CPU
		{44C581EE-E437-4126-932C-C4549AFDEB77}.Debug|Any CPU.ActiveCfg = Debug|Any CPU
		{44C581EE-E437-4126-932C-C4549AFDEB77}.Debug|Any CPU.Build.0 = Debug|Any CPU
		{44C581EE-E437-4126-932C-C4549AFDEB77}.Release40|Any CPU.ActiveCfg = Release|Any CPU
		{44C581EE-E437-4126-932C-C4549AFDEB77}.Release45|Any CPU.ActiveCfg = Release45|Any CPU
	EndGlobalSection
	GlobalSection(SolutionProperties) = preSolution
		HideSolutionNode = FALSE
	EndGlobalSection
EndGlobal
